
Microsoft Visual Studio Solution File, Format Version 12.00
# Visual Studio 15
VisualStudioVersion = 15.0.27703.2018
MinimumVisualStudioVersion = 10.0.40219.1
Project("{FAE04EC0-301F-11D3-BF4B-00C04F79EFBC}") = "FileManager", "FileManager\FileManager.csproj", "{C972F046-1042-420C-9623-58160238FF4C}"
EndProject
Global
	GlobalSection(SolutionConfigurationPlatforms) = preSolution
		Debug|Any CPU = Debug|Any CPU
		Release|Any CPU = Release|Any CPU
	EndGlobalSection
	GlobalSection(ProjectConfigurationPlatforms) = postSolution
		{C972F046-1042-420C-9623-58160238FF4C}.Debug|Any CPU.ActiveCfg = Debug|Any CPU
		{C972F046-1042-420C-9623-58160238FF4C}.Debug|Any CPU.Build.0 = Debug|Any CPU
		{C972F046-1042-420C-9623-58160238FF4C}.Release|Any CPU.ActiveCfg = Release|Any CPU
		{C972F046-1042-420C-9623-58160238FF4C}.Release|Any CPU.Build.0 = Release|Any CPU
	EndGlobalSection
	GlobalSection(SolutionProperties) = preSolution
		HideSolutionNode = FALSE
	EndGlobalSection
	GlobalSection(ExtensibilityGlobals) = postSolution
		SolutionGuid = {D812731C-D345-4BCC-8C03-3D754FB39942}
	EndGlobalSection
EndGlobal
